
Microsoft Visual Studio Solution File, Format Version 12.00
# Visual Studio Version 16
VisualStudioVersion = 16.0.30717.126
MinimumVisualStudioVersion = 10.0.40219.1
Project("{FAE04EC0-301F-11D3-BF4B-00C04F79EFBC}") = "C_Sharp", "C_Sharp\C_Sharp.csproj", "{A7377107-3827-4F4D-9704-88765505C1B2}"
EndProject
Global
	GlobalSection(SolutionConfigurationPlatforms) = preSolution
		Debug|Any CPU = Debug|Any CPU
		Release|Any CPU = Release|Any CPU
	EndGlobalSection
	GlobalSection(ProjectConfigurationPlatforms) = postSolution
		{A7377107-3827-4F4D-9704-88765505C1B2}.Debug|Any CPU.ActiveCfg = Debug|Any CPU
		{A7377107-3827-4F4D-9704-88765505C1B2}.Debug|Any CPU.Build.0 = Debug|Any CPU
		{A7377107-3827-4F4D-9704-88765505C1B2}.Release|Any CPU.ActiveCfg = Release|Any CPU
		{A7377107-3827-4F4D-9704-88765505C1B2}.Release|Any CPU.Build.0 = Release|Any CPU
	EndGlobalSection
	GlobalSection(SolutionProperties) = preSolution
		HideSolutionNode = FALSE
	EndGlobalSection
	GlobalSection(ExtensibilityGlobals) = postSolution
		SolutionGuid = {49A3121B-2C4C-4F09-9540-DAFFA5993F69}
	EndGlobalSection
EndGlobal
